
Microsoft Visual Studio Solution File, Format Version 12.00
# Visual Studio 2012
Project("{FAE04EC0-301F-11D3-BF4B-00C04F79EFBC}") = "Alfa", "Alfa\Alfa.csproj", "{667D6A41-81AA-4763-8C98-A15B69FB570B}"
EndProject
Global
	GlobalSection(SolutionConfigurationPlatforms) = preSolution
		Debug|Any CPU = Debug|Any CPU
		Release|Any CPU = Release|Any CPU
	EndGlobalSection
	GlobalSection(ProjectConfigurationPlatforms) = postSolution
		{667D6A41-81AA-4763-8C98-A15B69FB570B}.Debug|Any CPU.ActiveCfg = Debug|Any CPU
		{667D6A41-81AA-4763-8C98-A15B69FB570B}.Debug|Any CPU.Build.0 = Debug|Any CPU
		{667D6A41-81AA-4763-8C98-A15B69FB570B}.Release|Any CPU.ActiveCfg = Release|Any CPU
		{667D6A41-81AA-4763-8C98-A15B69FB570B}.Release|Any CPU.Build.0 = Release|Any CPU
	EndGlobalSection
EndGlobal
